github.com/go-playground/webhooks/v6 v6.4.0 h1:KLa6y7bD19N48rxJDHM0DpE3T4grV7GxMy1b/aHMWPY=
github.com/go-playground/webhooks/v6 v6.4.0/go.mod h1:5lBxopx+cAJiBI4+kyRbuHrEi+hYRDdRHuRR4Ya5Ums=
github.com/joho/godotenv v1.5.1 h1:7eLL/+HRGLY0ldzfGMeQkb7vMd0as4CfYvUVzLqw0N0=
github.com/joho/godotenv v1.5.1/go.mod h1:f4LDr5Voq0i2e/R5DDNOoa2zzDfwtkZa6DnEwAbqwq4=
